// !$*UTF8*$!
{
	archiveVersion = 1;
	classes = {
	};
	objectVersion = 55;
	objects = {

/* Begin PBXBuildFile section */
		A5A561A428A1413A0008573E /* AppDelegate.swift in Sources */ = {isa = PBXBuildFile; fileRef = A5A561A328A1413A0008573E /* AppDelegate.swift */; };
		A5A561A628A1413A0008573E /* SceneDelegate.swift in Sources */ = {isa = PBXBuildFile; fileRef = A5A561A528A1413A0008573E /* SceneDelegate.swift */; };
		A5A561AB28A1413A0008573E /* Main.storyboard in Resources */ = {isa = PBXBuildFile; fileRef = A5A561A928A1413A0008573E /* Main.storyboard */; };
		A5A561AD28A1413C0008573E /* Assets.xcassets in Resources */ = {isa = PBXBuildFile; fileRef = A5A561AC28A1413C0008573E /* Assets.xcassets */; };
		A5A561B028A1413C0008573E /* LaunchScreen.storyboard in Resources */ = {isa = PBXBuildFile; fileRef = A5A561AE28A1413C0008573E /* LaunchScreen.storyboard */; };
		A5A561B928A1420F0008573E /* Realm in Frameworks */ = {isa = PBXBuildFile; productRef = A5A561B828A1420F0008573E /* Realm */; };
		A5A561BB28A1420F0008573E /* RealmSwift in Frameworks */ = {isa = PBXBuildFile; productRef = A5A561BA28A1420F0008573E /* RealmSwift */; };
		A5A561BF28A143FD0008573E /* TaskList.swift in Sources */ = {isa = PBXBuildFile; fileRef = A5A561BE28A143FD0008573E /* TaskList.swift */; };
		A5A561C128A1442B0008573E /* TasksViewController.swift in Sources */ = {isa = PBXBuildFile; fileRef = A5A561C028A1442B0008573E /* TasksViewController.swift */; };
		A5A561C328A144400008573E /* TaskListViewController.swift in Sources */ = {isa = PBXBuildFile; fileRef = A5A561C228A144400008573E /* TaskListViewController.swift */; };
		A5A561C528A144550008573E /* AlertController.swift in Sources */ = {isa = PBXBuildFile; fileRef = A5A561C428A144550008573E /* AlertController.swift */; };
		A5A561C828A144760008573E /* DataManager.swift in Sources */ = {isa = PBXBuildFile; fileRef = A5A561C728A144760008573E /* DataManager.swift */; };
		A5A561CA28A144870008573E /* StorageManager.swift in Sources */ = {isa = PBXBuildFile; fileRef = A5A561C928A144870008573E /* StorageManager.swift */; };
/* End PBXBuildFile section */

/* Begin PBXFileReference section */
		A5A561A028A1413A0008573E /* JustToDoListApp_Realm.app */ = {isa = PBXFileReference; explicitFileType = wrapper.application; includeInIndex = 0; path = JustToDoListApp_Realm.app; sourceTree = BUILT_PRODUCTS_DIR; };
		A5A561A328A1413A0008573E /* AppDelegate.swift */ = {isa = PBXFileReference; lastKnownFileType = sourcecode.swift; path = AppDelegate.swift; sourceTree = "<group>"; };
		A5A561A528A1413A0008573E /* SceneDelegate.swift */ = {isa = PBXFileReference; lastKnownFileType = sourcecode.swift; path = SceneDelegate.swift; sourceTree = "<group>"; };
		A5A561AA28A1413A0008573E /* Base */ = {isa = PBXFileReference; lastKnownFileType = file.storyboard; name = Base; path = Base.lproj/Main.storyboard; sourceTree = "<group>"; };
		A5A561AC28A1413C0008573E /* Assets.xcassets */ = {isa = PBXFileReference; lastKnownFileType = folder.assetcatalog; path = Assets.xcassets; sourceTree = "<group>"; };
		A5A561AF28A1413C0008573E /* Base */ = {isa = PBXFileReference; lastKnownFileType = file.storyboard; name = Base; path = Base.lproj/LaunchScreen.storyboard; sourceTree = "<group>"; };
		A5A561B128A1413C0008573E /* Info.plist */ = {isa = PBXFileReference; lastKnownFileType = text.plist.xml; path = Info.plist; sourceTree = "<group>"; };
		A5A561BE28A143FD0008573E /* TaskList.swift */ = {isa = PBXFileReference; lastKnownFileType = sourcecode.swift; path = TaskList.swift; sourceTree = "<group>"; };
		A5A561C028A1442B0008573E /* TasksViewController.swift */ = {isa = PBXFileReference; lastKnownFileType = sourcecode.swift; path = TasksViewController.swift; sourceTree = "<group>"; };
		A5A561C228A144400008573E /* TaskListViewController.swift */ = {isa = PBXFileReference; lastKnownFileType = sourcecode.swift; path = TaskListViewController.swift; sourceTree = "<group>"; };
		A5A561C428A144550008573E /* AlertController.swift */ = {isa = PBXFileReference; lastKnownFileType = sourcecode.swift; path = AlertController.swift; sourceTree = "<group>"; };
		A5A561C728A144760008573E /* DataManager.swift */ = {isa = PBXFileReference; lastKnownFileType = sourcecode.swift; path = DataManager.swift; sourceTree = "<group>"; };
		A5A561C928A144870008573E /* StorageManager.swift */ = {isa = PBXFileReference; lastKnownFileType = sourcecode.swift; path = StorageManager.swift; sourceTree = "<group>"; };
/* End PBXFileReference section */

/* Begin PBXFrameworksBuildPhase section */
		A5A5619D28A1413A0008573E /* Frameworks */ = {
			isa = PBXFrameworksBuildPhase;
			buildActionMask = 2147483647;
			files = (
				A5A561BB28A1420F0008573E /* RealmSwift in Frameworks */,
				A5A561B928A1420F0008573E /* Realm in Frameworks */,
			);
			runOnlyForDeploymentPostprocessing = 0;
		};
/* End PBXFrameworksBuildPhase section */

/* Begin PBXGroup section */
		A5A5619728A1413A0008573E = {
			isa = PBXGroup;
			children = (
				A5A561A228A1413A0008573E /* JustToDoListApp_Realm */,
				A5A561A128A1413A0008573E /* Products */,
			);
			sourceTree = "<group>";
		};
		A5A561A128A1413A0008573E /* Products */ = {
			isa = PBXGroup;
			children = (
				A5A561A028A1413A0008573E /* JustToDoListApp_Realm.app */,
			);
			name = Products;
			sourceTree = "<group>";
		};
		A5A561A228A1413A0008573E /* JustToDoListApp_Realm */ = {
			isa = PBXGroup;
			children = (
				A5A561CD28A144A10008573E /* Storyboards */,
				A5A561CE28A144AA0008573E /* Models */,
				A5A561C628A1445C0008573E /* ViewControllers */,
				A5A561CB28A1448F0008573E /* Services */,
				A5A561CC28A144980008573E /* App */,
				A5A561CF28A144AF0008573E /* Resources */,
			);
			path = JustToDoListApp_Realm;
			sourceTree = "<group>";
		};
		A5A561C628A1445C0008573E /* ViewControllers */ = {
			isa = PBXGroup;
			children = (
				A5A561C228A144400008573E /* TaskListViewController.swift */,
				A5A561C028A1442B0008573E /* TasksViewController.swift */,
				A5A561C428A144550008573E /* AlertController.swift */,
			);
			path = ViewControllers;
			sourceTree = "<group>";
		};
		A5A561CB28A1448F0008573E /* Services */ = {
			isa = PBXGroup;
			children = (
				A5A561C728A144760008573E /* DataManager.swift */,
				A5A561C928A144870008573E /* StorageManager.swift */,
			);
			path = Services;
			sourceTree = "<group>";
		};
		A5A561CC28A144980008573E /* App */ = {
			isa = PBXGroup;
			children = (
				A5A561A328A1413A0008573E /* AppDelegate.swift */,
				A5A561A528A1413A0008573E /* SceneDelegate.swift */,
				A5A561B128A1413C0008573E /* Info.plist */,
			);
			path = App;
			sourceTree = "<group>";
		};
		A5A561CD28A144A10008573E /* Storyboards */ = {
			isa = PBXGroup;
			children = (
				A5A561A928A1413A0008573E /* Main.storyboard */,
				A5A561AE28A1413C0008573E /* LaunchScreen.storyboard */,
			);
			path = Storyboards;
			sourceTree = "<group>";
		};
		A5A561CE28A144AA0008573E /* Models */ = {
			isa = PBXGroup;
			children = (
				A5A561BE28A143FD0008573E /* TaskList.swift */,
			);
			path = Models;
			sourceTree = "<group>";
		};
		A5A561CF28A144AF0008573E /* Resources */ = {
			isa = PBXGroup;
			children = (
				A5A561AC28A1413C0008573E /* Assets.xcassets */,
			);
			path = Resources;
			sourceTree = "<group>";
		};
/* End PBXGroup section */

/* Begin PBXNativeTarget section */
		A5A5619F28A1413A0008573E /* JustToDoListApp_Realm */ = {
			isa = PBXNativeTarget;
			buildConfigurationList = A5A561B428A1413C0008573E /* Build configuration list for PBXNativeTarget "JustToDoListApp_Realm" */;
			buildPhases = (
				A5A5619C28A1413A0008573E /* Sources */,
				A5A5619D28A1413A0008573E /* Frameworks */,
				A5A5619E28A1413A0008573E /* Resources */,
			);
			buildRules = (
			);
			dependencies = (
			);
			name = JustToDoListApp_Realm;
			packageProductDependencies = (
				A5A561B828A1420F0008573E /* Realm */,
				A5A561BA28A1420F0008573E /* RealmSwift */,
			);
			productName = testRealmApp;
			productReference = A5A561A028A1413A0008573E /* JustToDoListApp_Realm.app */;
			productType = "com.apple.product-type.application";
		};
/* End PBXNativeTarget section */

/* Begin PBXProject section */
		A5A5619828A1413A0008573E /* Project object */ = {
			isa = PBXProject;
			attributes = {
				BuildIndependentTargetsInParallel = 1;
				LastSwiftUpdateCheck = 1340;
				LastUpgradeCheck = 1340;
				TargetAttributes = {
					A5A5619F28A1413A0008573E = {
						CreatedOnToolsVersion = 13.4.1;
					};
				};
			};
			buildConfigurationList = A5A5619B28A1413A0008573E /* Build configuration list for PBXProject "JustToDoListApp_Realm" */;
			compatibilityVersion = "Xcode 13.0";
			developmentRegion = en;
			hasScannedForEncodings = 0;
			knownRegions = (
				en,
				Base,
			);
			mainGroup = A5A5619728A1413A0008573E;
			packageReferences = (
				A5A561B728A1420F0008573E /* XCRemoteSwiftPackageReference "realm-swift" */,
			);
			productRefGroup = A5A561A128A1413A0008573E /* Products */;
			projectDirPath = "";
			projectRoot = "";
			targets = (
				A5A5619F28A1413A0008573E /* JustToDoListApp_Realm */,
			);
		};
/* End PBXProject section */

/* Begin PBXResourcesBuildPhase section */
		A5A5619E28A1413A0008573E /* Resources */ = {
			isa = PBXResourcesBuildPhase;
			buildActionMask = 2147483647;
			files = (
				A5A561B028A1413C0008573E /* LaunchScreen.storyboard in Resources */,
				A5A561AD28A1413C0008573E /* Assets.xcassets in Resources */,
				A5A561AB28A1413A0008573E /* Main.storyboard in Resources */,
			);
			runOnlyForDeploymentPostprocessing = 0;
		};
/* End PBXResourcesBuildPhase section */

/* Begin PBXSourcesBuildPhase section */
		A5A5619C28A1413A0008573E /* Sources */ = {
			isa = PBXSourcesBuildPhase;
			buildActionMask = 2147483647;
			files = (
				A5A561BF28A143FD0008573E /* TaskList.swift in Sources */,
				A5A561C128A1442B0008573E /* TasksViewController.swift in Sources */,
				A5A561A428A1413A0008573E /* AppDelegate.swift in Sources */,
				A5A561C828A144760008573E /* DataManager.swift in Sources */,
				A5A561A628A1413A0008573E /* SceneDelegate.swift in Sources */,
				A5A561C528A144550008573E /* AlertController.swift in Sources */,
				A5A561C328A144400008573E /* TaskListViewController.swift in Sources */,
				A5A561CA28A144870008573E /* StorageManager.swift in Sources */,
			);
			runOnlyForDeploymentPostprocessing = 0;
		};
/* End PBXSourcesBuildPhase section */

/* Begin PBXVariantGroup section */
		A5A561A928A1413A0008573E /* Main.storyboard */ = {
			isa = PBXVariantGroup;
			children = (
				A5A561AA28A1413A0008573E /* Base */,
			);
			name = Main.storyboard;
			sourceTree = "<group>";
		};
		A5A561AE28A1413C0008573E /* LaunchScreen.storyboard */ = {
			isa = PBXVariantGroup;
			children = (
				A5A561AF28A1413C0008573E /* Base */,
			);
			name = LaunchScreen.storyboard;
			sourceTree = "<group>";
		};
/* End PBXVariantGroup section */

/* Begin XCBuildConfiguration section */
		A5A561B228A1413C0008573E /* Debug */ = {
			isa = XCBuildConfiguration;
			buildSettings = {
				ALWAYS_SEARCH_USER_PATHS = NO;
				CLANG_ANALYZER_NONNULL = YES;
				CLANG_ANALYZER_NUMBER_OBJECT_CONVERSION = YES_AGGRESSIVE;
				CLANG_CXX_LANGUAGE_STANDARD = "gnu++17";
				CLANG_ENABLE_MODULES = YES;
				CLANG_ENABLE_OBJC_ARC = YES;
				CLANG_ENABLE_OBJC_WEAK = YES;
				CLANG_WARN_BLOCK_CAPTURE_AUTORELEASING = YES;
				CLANG_WARN_BOOL_CONVERSION = YES;
				CLANG_WARN_COMMA = YES;
				CLANG_WARN_CONSTANT_CONVERSION = YES;
				CLANG_WARN_DEPRECATED_OBJC_IMPLEMENTATIONS = YES;
				CLANG_WARN_DIRECT_OBJC_ISA_USAGE = YES_ERROR;
				CLANG_WARN_DOCUMENTATION_COMMENTS = YES;
				CLANG_WARN_EMPTY_BODY = YES;
				CLANG_WARN_ENUM_CONVERSION = YES;
				CLANG_WARN_INFINITE_RECURSION = YES;
				CLANG_WARN_INT_CONVERSION = YES;
				CLANG_WARN_NON_LITERAL_NULL_CONVERSION = YES;
				CLANG_WARN_OBJC_IMPLICIT_RETAIN_SELF = YES;
				CLANG_WARN_OBJC_LITERAL_CONVERSION = YES;
				CLANG_WARN_OBJC_ROOT_CLASS = YES_ERROR;
				CLANG_WARN_QUOTED_INCLUDE_IN_FRAMEWORK_HEADER = YES;
				CLANG_WARN_RANGE_LOOP_ANALYSIS = YES;
				CLANG_WARN_STRICT_PROTOTYPES = YES;
				CLANG_WARN_SUSPICIOUS_MOVE = YES;
				CLANG_WARN_UNGUARDED_AVAILABILITY = YES_AGGRESSIVE;
				CLANG_WARN_UNREACHABLE_CODE = YES;
				CLANG_WARN__DUPLICATE_METHOD_MATCH = YES;
				COPY_PHASE_STRIP = NO;
				DEBUG_INFORMATION_FORMAT = dwarf;
				ENABLE_STRICT_OBJC_MSGSEND = YES;
				ENABLE_TESTABILITY = YES;
				GCC_C_LANGUAGE_STANDARD = gnu11;
				GCC_DYNAMIC_NO_PIC = NO;
				GCC_NO_COMMON_BLOCKS = YES;
				GCC_OPTIMIZATION_LEVEL = 0;
				GCC_PREPROCESSOR_DEFINITIONS = (
					"DEBUG=1",
					"$(inherited)",
				);
				GCC_WARN_64_TO_32_BIT_CONVERSION = YES;
				GCC_WARN_ABOUT_RETURN_TYPE = YES_ERROR;
				GCC_WARN_UNDECLARED_SELECTOR = YES;
				GCC_WARN_UNINITIALIZED_AUTOS = YES_AGGRESSIVE;
				GCC_WARN_UNUSED_FUNCTION = YES;
				GCC_WARN_UNUSED_VARIABLE = YES;
				IPHONEOS_DEPLOYMENT_TARGET = 15.5;
				MTL_ENABLE_DEBUG_INFO = INCLUDE_SOURCE;
				MTL_FAST_MATH = YES;
				ONLY_ACTIVE_ARCH = YES;
				SDKROOT = iphoneos;
				SWIFT_ACTIVE_COMPILATION_CONDITIONS = DEBUG;
				SWIFT_OPTIMIZATION_LEVEL = "-Onone";
			};
			name = Debug;
		};
		A5A561B328A1413C0008573E /* Release */ = {
			isa = XCBuildConfiguration;
			buildSettings = {
				ALWAYS_SEARCH_USER_PATHS = NO;
				CLANG_ANALYZER_NONNULL = YES;
				CLANG_ANALYZER_NUMBER_OBJECT_CONVERSION = YES_AGGRESSIVE;
				CLANG_CXX_LANGUAGE_STANDARD = "gnu++17";
				CLANG_ENABLE_MODULES = YES;
				CLANG_ENABLE_OBJC_ARC = YES;
				CLANG_ENABLE_OBJC_WEAK = YES;
				CLANG_WARN_BLOCK_CAPTURE_AUTORELEASING = YES;
				CLANG_WARN_BOOL_CONVERSION = YES;
				CLANG_WARN_COMMA = YES;
				CLANG_WARN_CONSTANT_CONVERSION = YES;
				CLANG_WARN_DEPRECATED_OBJC_IMPLEMENTATIONS = YES;
				CLANG_WARN_DIRECT_OBJC_ISA_USAGE = YES_ERROR;
				CLANG_WARN_DOCUMENTATION_COMMENTS = YES;
				CLANG_WARN_EMPTY_BODY = YES;
				CLANG_WARN_ENUM_CONVERSION = YES;
				CLANG_WARN_INFINITE_RECURSION = YES;
				CLANG_WARN_INT_CONVERSION = YES;
				CLANG_WARN_NON_LITERAL_NULL_CONVERSION = YES;
				CLANG_WARN_OBJC_IMPLICIT_RETAIN_SELF = YES;
				CLANG_WARN_OBJC_LITERAL_CONVERSION = YES;
				CLANG_WARN_OBJC_ROOT_CLASS = YES_ERROR;
				CLANG_WARN_QUOTED_INCLUDE_IN_FRAMEWORK_HEADER = YES;
				CLANG_WARN_RANGE_LOOP_ANALYSIS = YES;
				CLANG_WARN_STRICT_PROTOTYPES = YES;
				CLANG_WARN_SUSPICIOUS_MOVE = YES;
				CLANG_WARN_UNGUARDED_AVAILABILITY = YES_AGGRESSIVE;
				CLANG_WARN_UNREACHABLE_CODE = YES;
				CLANG_WARN__DUPLICATE_METHOD_MATCH = YES;
				COPY_PHASE_STRIP = NO;
				DEBUG_INFORMATION_FORMAT = "dwarf-with-dsym";
				ENABLE_NS_ASSERTIONS = NO;
				ENABLE_STRICT_OBJC_MSGSEND = YES;
				GCC_C_LANGUAGE_STANDARD = gnu11;
				GCC_NO_COMMON_BLOCKS = YES;
				GCC_WARN_64_TO_32_BIT_CONVERSION = YES;
				GCC_WARN_ABOUT_RETURN_TYPE = YES_ERROR;
				GCC_WARN_UNDECLARED_SELECTOR = YES;
				GCC_WARN_UNINITIALIZED_AUTOS = YES_AGGRESSIVE;
				GCC_WARN_UNUSED_FUNCTION = YES;
				GCC_WARN_UNUSED_VARIABLE = YES;
				IPHONEOS_DEPLOYMENT_TARGET = 15.5;
				MTL_ENABLE_DEBUG_INFO = NO;
				MTL_FAST_MATH = YES;
				SDKROOT = iphoneos;
				SWIFT_COMPILATION_MODE = wholemodule;
				SWIFT_OPTIMIZATION_LEVEL = "-O";
				VALIDATE_PRODUCT = YES;
			};
			name = Release;
		};
		A5A561B528A1413C0008573E /* Debug */ = {
			isa = XCBuildConfiguration;
			buildSettings = {
				ASSETCATALOG_COMPILER_APPICON_NAME = AppIcon;
				ASSETCATALOG_COMPILER_GLOBAL_ACCENT_COLOR_NAME = AccentColor;
				CODE_SIGN_STYLE = Automatic;
				CURRENT_PROJECT_VERSION = 1;
				DEVELOPMENT_TEAM = L7M6FD6244;
				GENERATE_INFOPLIST_FILE = YES;
				INFOPLIST_FILE = TaskListApp_Realm/App/Info.plist;
				INFOPLIST_KEY_CFBundleDisplayName = JustToDoListApp_Realm;
				INFOPLIST_KEY_UIApplicationSupportsIndirectInputEvents = YES;
				INFOPLIST_KEY_UILaunchStoryboardName = LaunchScreen;
				INFOPLIST_KEY_UIMainStoryboardFile = Main;
				INFOPLIST_KEY_UISupportedInterfaceOrientations_iPad = "UIInterfaceOrientationPortrait UIInterfaceOrientationPortraitUpsideDown UIInterfaceOrientationLandscapeLeft UIInterfaceOrientationLandscapeRight";
				INFOPLIST_KEY_UISupportedInterfaceOrientations_iPhone = "UIInterfaceOrientationPortrait UIInterfaceOrientationLandscapeLeft UIInterfaceOrientationLandscapeRight";
				LD_RUNPATH_SEARCH_PATHS = (
					"$(inherited)",
					"@executable_path/Frameworks",
				);
				MARKETING_VERSION = 1.0;
				PRODUCT_BUNDLE_IDENTIFIER = "com.Auhustsinovich.justToDoListApp-Realm";
				PRODUCT_NAME = "$(TARGET_NAME)";
				SWIFT_EMIT_LOC_STRINGS = YES;
				SWIFT_VERSION = 5.0;
				TARGETED_DEVICE_FAMILY = "1,2";
			};
			name = Debug;
		};
		A5A561B628A1413C0008573E /* Release */ = {
			isa = XCBuildConfiguration;
			buildSettings = {
				ASSETCATALOG_COMPILER_APPICON_NAME = AppIcon;
				ASSETCATALOG_COMPILER_GLOBAL_ACCENT_COLOR_NAME = AccentColor;
				CODE_SIGN_STYLE = Automatic;
				CURRENT_PROJECT_VERSION = 1;
				DEVELOPMENT_TEAM = L7M6FD6244;
				GENERATE_INFOPLIST_FILE = YES;
				INFOPLIST_FILE = TaskListApp_Realm/App/Info.plist;
				INFOPLIST_KEY_CFBundleDisplayName = JustToDoListApp_Realm;
				INFOPLIST_KEY_UIApplicationSupportsIndirectInputEvents = YES;
				INFOPLIST_KEY_UILaunchStoryboardName = LaunchScreen;
				INFOPLIST_KEY_UIMainStoryboardFile = Main;
				INFOPLIST_KEY_UISupportedInterfaceOrientations_iPad = "UIInterfaceOrientationPortrait UIInterfaceOrientationPortraitUpsideDown UIInterfaceOrientationLandscapeLeft UIInterfaceOrientationLandscapeRight";
				INFOPLIST_KEY_UISupportedInterfaceOrientations_iPhone = "UIInterfaceOrientationPortrait UIInterfaceOrientationLandscapeLeft UIInterfaceOrientationLandscapeRight";
				LD_RUNPATH_SEARCH_PATHS = (
					"$(inherited)",
					"@executable_path/Frameworks",
				);
				MARKETING_VERSION = 1.0;
				PRODUCT_BUNDLE_IDENTIFIER = "com.Auhustsinovich.justToDoListApp-Realm";
				PRODUCT_NAME = "$(TARGET_NAME)";
				SWIFT_EMIT_LOC_STRINGS = YES;
				SWIFT_VERSION = 5.0;
				TARGETED_DEVICE_FAMILY = "1,2";
			};
			name = Release;
		};
/* End XCBuildConfiguration section */

/* Begin XCConfigurationList section */
		A5A5619B28A1413A0008573E /* Build configuration list for PBXProject "JustToDoListApp_Realm" */ = {
			isa = XCConfigurationList;
			buildConfigurations = (
				A5A561B228A1413C0008573E /* Debug */,
				A5A561B328A1413C0008573E /* Release */,
			);
			defaultConfigurationIsVisible = 0;
			defaultConfigurationName = Release;
		};
		A5A561B428A1413C0008573E /* Build configuration list for PBXNativeTarget "JustToDoListApp_Realm" */ = {
			isa = XCConfigurationList;
			buildConfigurations = (
				A5A561B528A1413C0008573E /* Debug */,
				A5A561B628A1413C0008573E /* Release */,
			);
			defaultConfigurationIsVisible = 0;
			defaultConfigurationName = Release;
		};
/* End XCConfigurationList section */

/* Begin XCRemoteSwiftPackageReference section */
		A5A561B728A1420F0008573E /* XCRemoteSwiftPackageReference "realm-swift" */ = {
			isa = XCRemoteSwiftPackageReference;
			repositoryURL = "https://github.com/realm/realm-swift.git";
			requirement = {
				branch = master;
				kind = branch;
			};
		};
/* End XCRemoteSwiftPackageReference section */

/* Begin XCSwiftPackageProductDependency section */
		A5A561B828A1420F0008573E /* Realm */ = {
			isa = XCSwiftPackageProductDependency;
			package = A5A561B728A1420F0008573E /* XCRemoteSwiftPackageReference "realm-swift" */;
			productName = Realm;
		};
		A5A561BA28A1420F0008573E /* RealmSwift */ = {
			isa = XCSwiftPackageProductDependency;
			package = A5A561B728A1420F0008573E /* XCRemoteSwiftPackageReference "realm-swift" */;
			productName = RealmSwift;
		};
/* End XCSwiftPackageProductDependency section */
	};
	rootObject = A5A5619828A1413A0008573E /* Project object */;
}
